Microsoft Visual Studio Solution File, Format Version 12.00
# Visual Studio Version 17
VisualStudioVersion = 17.5.2.0
MinimumVisualStudioVersion = 10.0.40219.1
Project("{FAE04EC0-301F-11D3-BF4B-00C04F79EFBC}") = "DVDScreensaverVirus", "DVDScreensaverVirus.csproj", "{6A8F6E1D-1F37-A0DF-2F34-E2F58787A6F8}"
EndProject
Global
	GlobalSection(SolutionConfigurationPlatforms) = preSolution
		Debug|Any CPU = Debug|Any CPU
		Release|Any CPU = Release|Any CPU
	EndGlobalSection
	GlobalSection(ProjectConfigurationPlatforms) = postSolution
		{6A8F6E1D-1F37-A0DF-2F34-E2F58787A6F8}.Debug|Any CPU.ActiveCfg = Debug|Any CPU
		{6A8F6E1D-1F37-A0DF-2F34-E2F58787A6F8}.Debug|Any CPU.Build.0 = Debug|Any CPU
		{6A8F6E1D-1F37-A0DF-2F34-E2F58787A6F8}.Release|Any CPU.ActiveCfg = Release|Any CPU
		{6A8F6E1D-1F37-A0DF-2F34-E2F58787A6F8}.Release|Any CPU.Build.0 = Release|Any CPU
	EndGlobalSection
	GlobalSection(SolutionProperties) = preSolution
		HideSolutionNode = FALSE
	EndGlobalSection
	GlobalSection(ExtensibilityGlobals) = postSolution
		SolutionGuid = {89CF6014-167A-44B0-8293-91A96F6F7734}
	EndGlobalSection
EndGlobal
